// !$*UTF8*$!
{
	archiveVersion = 1;
	classes = {
	};
	objectVersion = 56;
	objects = {

/* Begin PBXBuildFile section */
		BFB593462BAC6BF10058813E /* SafeAreaEnvironmentKeyApp.swift in Sources */ = {isa = PBXBuildFile; fileRef = BFB593452BAC6BF10058813E /* SafeAreaEnvironmentKeyApp.swift */; };
		BFB593482BAC6BF10058813E /* ContentView.swift in Sources */ = {isa = PBXBuildFile; fileRef = BFB593472BAC6BF10058813E /* ContentView.swift */; };
		BFB5934A2BAC6BF30058813E /* Assets.xcassets in Resources */ = {isa = PBXBuildFile; fileRef = BFB593492BAC6BF30058813E /* Assets.xcassets */; };
		BFB5934D2BAC6BF30058813E /* Preview Assets.xcassets in Resources */ = {isa = PBXBuildFile; fileRef = BFB5934C2BAC6BF30058813E /* Preview Assets.xcassets */; };
		BFB593542BAC6C1E0058813E /* AnotherSafeAreaInsetsKey.swift in Sources */ = {isa = PBXBuildFile; fileRef = BFB593532BAC6C1E0058813E /* AnotherSafeAreaInsetsKey.swift */; };
		BFB593592BAC6F050058813E /* SafeAreaInsetsKey.swift in Sources */ = {isa = PBXBuildFile; fileRef = BFB593582BAC6F050058813E /* SafeAreaInsetsKey.swift */; };
		BFB5935B2BAC6F8B0058813E /* SampleView.swift in Sources */ = {isa = PBXBuildFile; fileRef = BFB5935A2BAC6F8B0058813E /* SampleView.swift */; };
/* End PBXBuildFile section */

/* Begin PBXFileReference section */
		BFB593422BAC6BF10058813E /* SafeAreaEnvironmentKey.app */ = {isa = PBXFileReference; explicitFileType = wrapper.application; includeInIndex = 0; path = SafeAreaEnvironmentKey.app; sourceTree = BUILT_PRODUCTS_DIR; };
		BFB593452BAC6BF10058813E /* SafeAreaEnvironmentKeyApp.swift */ = {isa = PBXFileReference; lastKnownFileType = sourcecode.swift; path = SafeAreaEnvironmentKeyApp.swift; sourceTree = "<group>"; };
		BFB593472BAC6BF10058813E /* ContentView.swift */ = {isa = PBXFileReference; lastKnownFileType = sourcecode.swift; path = ContentView.swift; sourceTree = "<group>"; };
		BFB593492BAC6BF30058813E /* Assets.xcassets */ = {isa = PBXFileReference; lastKnownFileType = folder.assetcatalog; path = Assets.xcassets; sourceTree = "<group>"; };
		BFB5934C2BAC6BF30058813E /* Preview Assets.xcassets */ = {isa = PBXFileReference; lastKnownFileType = folder.assetcatalog; path = "Preview Assets.xcassets"; sourceTree = "<group>"; };
		BFB593532BAC6C1E0058813E /* AnotherSafeAreaInsetsKey.swift */ = {isa = PBXFileReference; lastKnownFileType = sourcecode.swift; path = AnotherSafeAreaInsetsKey.swift; sourceTree = "<group>"; };
		BFB593582BAC6F050058813E /* SafeAreaInsetsKey.swift */ = {isa = PBXFileReference; lastKnownFileType = sourcecode.swift; path = SafeAreaInsetsKey.swift; sourceTree = "<group>"; };
		BFB5935A2BAC6F8B0058813E /* SampleView.swift */ = {isa = PBXFileReference; lastKnownFileType = sourcecode.swift; path = SampleView.swift; sourceTree = "<group>"; };
/* End PBXFileReference section */

/* Begin PBXFrameworksBuildPhase section */
		BFB5933F2BAC6BF10058813E /* Frameworks */ = {
			isa = PBXFrameworksBuildPhase;
			buildActionMask = 2147483647;
			files = (
			);
			runOnlyForDeploymentPostprocessing = 0;
		};
/* End PBXFrameworksBuildPhase section */

/* Begin PBXGroup section */
		BFB593392BAC6BF10058813E = {
			isa = PBXGroup;
			children = (
				BFB593442BAC6BF10058813E /* SafeAreaEnvironmentKey */,
				BFB593432BAC6BF10058813E /* Products */,
			);
			sourceTree = "<group>";
		};
		BFB593432BAC6BF10058813E /* Products */ = {
			isa = PBXGroup;
			children = (
				BFB593422BAC6BF10058813E /* SafeAreaEnvironmentKey.app */,
			);
			name = Products;
			sourceTree = "<group>";
		};
		BFB593442BAC6BF10058813E /* SafeAreaEnvironmentKey */ = {
			isa = PBXGroup;
			children = (
				BFB593452BAC6BF10058813E /* SafeAreaEnvironmentKeyApp.swift */,
				BFB593472BAC6BF10058813E /* ContentView.swift */,
				BFB593572BAC6E0C0058813E /* danielsaidi */,
				BFB5935C2BAC6FB40058813E /* onmyway133 */,
				BFB593492BAC6BF30058813E /* Assets.xcassets */,
				BFB5934B2BAC6BF30058813E /* Preview Content */,
			);
			path = SafeAreaEnvironmentKey;
			sourceTree = "<group>";
		};
		BFB5934B2BAC6BF30058813E /* Preview Content */ = {
			isa = PBXGroup;
			children = (
				BFB5934C2BAC6BF30058813E /* Preview Assets.xcassets */,
			);
			path = "Preview Content";
			sourceTree = "<group>";
		};
		BFB593572BAC6E0C0058813E /* danielsaidi */ = {
			isa = PBXGroup;
			children = (
				BFB593582BAC6F050058813E /* SafeAreaInsetsKey.swift */,
				BFB5935A2BAC6F8B0058813E /* SampleView.swift */,
			);
			path = danielsaidi;
			sourceTree = "<group>";
		};
		BFB5935C2BAC6FB40058813E /* onmyway133 */ = {
			isa = PBXGroup;
			children = (
				BFB593532BAC6C1E0058813E /* AnotherSafeAreaInsetsKey.swift */,
			);
			path = onmyway133;
			sourceTree = "<group>";
		};
/* End PBXGroup section */

/* Begin PBXNativeTarget section */
		BFB593412BAC6BF10058813E /* SafeAreaEnvironmentKey */ = {
			isa = PBXNativeTarget;
			buildConfigurationList = BFB593502BAC6BF40058813E /* Build configuration list for PBXNativeTarget "SafeAreaEnvironmentKey" */;
			buildPhases = (
				BFB5933E2BAC6BF10058813E /* Sources */,
				BFB5933F2BAC6BF10058813E /* Frameworks */,
				BFB593402BAC6BF10058813E /* Resources */,
			);
			buildRules = (
			);
			dependencies = (
			);
			name = SafeAreaEnvironmentKey;
			productName = SafeAreaEnvironmentKey;
			productReference = BFB593422BAC6BF10058813E /* SafeAreaEnvironmentKey.app */;
			productType = "com.apple.product-type.application";
		};
/* End PBXNativeTarget section */

/* Begin PBXProject section */
		BFB5933A2BAC6BF10058813E /* Project object */ = {
			isa = PBXProject;
			attributes = {
				BuildIndependentTargetsInParallel = 1;
				LastSwiftUpdateCheck = 1530;
				LastUpgradeCheck = 1530;
				TargetAttributes = {
					BFB593412BAC6BF10058813E = {
						CreatedOnToolsVersion = 15.3;
					};
				};
			};
			buildConfigurationList = BFB5933D2BAC6BF10058813E /* Build configuration list for PBXProject "SafeAreaEnvironmentKey" */;
			compatibilityVersion = "Xcode 14.0";
			developmentRegion = en;
			hasScannedForEncodings = 0;
			knownRegions = (
				en,
				Base,
			);
			mainGroup = BFB593392BAC6BF10058813E;
			productRefGroup = BFB593432BAC6BF10058813E /* Products */;
			projectDirPath = "";
			projectRoot = "";
			targets = (
				BFB593412BAC6BF10058813E /* SafeAreaEnvironmentKey */,
			);
		};
/* End PBXProject section */

/* Begin PBXResourcesBuildPhase section */
		BFB593402BAC6BF10058813E /* Resources */ = {
			isa = PBXResourcesBuildPhase;
			buildActionMask = 2147483647;
			files = (
				BFB5934D2BAC6BF30058813E /* Preview Assets.xcassets in Resources */,
				BFB5934A2BAC6BF30058813E /* Assets.xcassets in Resources */,
			);
			runOnlyForDeploymentPostprocessing = 0;
		};
/* End PBXResourcesBuildPhase section */

/* Begin PBXSourcesBuildPhase section */
		BFB5933E2BAC6BF10058813E /* Sources */ = {
			isa = PBXSourcesBuildPhase;
			buildActionMask = 2147483647;
			files = (
				BFB593542BAC6C1E0058813E /* AnotherSafeAreaInsetsKey.swift in Sources */,
				BFB593482BAC6BF10058813E /* ContentView.swift in Sources */,
				BFB593592BAC6F050058813E /* SafeAreaInsetsKey.swift in Sources */,
				BFB5935B2BAC6F8B0058813E /* SampleView.swift in Sources */,
				BFB593462BAC6BF10058813E /* SafeAreaEnvironmentKeyApp.swift in Sources */,
			);
			runOnlyForDeploymentPostprocessing = 0;
		};
/* End PBXSourcesBuildPhase section */

/* Begin XCBuildConfiguration section */
		BFB5934E2BAC6BF30058813E /* Debug */ = {
			isa = XCBuildConfiguration;
			buildSettings = {
				ALWAYS_SEARCH_USER_PATHS = NO;
				ASSETCATALOG_COMPILER_GENERATE_SWIFT_ASSET_SYMBOL_EXTENSIONS = YES;
				CLANG_ANALYZER_NONNULL = YES;
				CLANG_ANALYZER_NUMBER_OBJECT_CONVERSION = YES_AGGRESSIVE;
				CLANG_CXX_LANGUAGE_STANDARD = "gnu++20";
				CLANG_ENABLE_MODULES = YES;
				CLANG_ENABLE_OBJC_ARC = YES;
				CLANG_ENABLE_OBJC_WEAK = YES;
				CLANG_WARN_BLOCK_CAPTURE_AUTORELEASING = YES;
				CLANG_WARN_BOOL_CONVERSION = YES;
				CLANG_WARN_COMMA = YES;
				CLANG_WARN_CONSTANT_CONVERSION = YES;
				CLANG_WARN_DEPRECATED_OBJC_IMPLEMENTATIONS = YES;
				CLANG_WARN_DIRECT_OBJC_ISA_USAGE = YES_ERROR;
				CLANG_WARN_DOCUMENTATION_COMMENTS = YES;
				CLANG_WARN_EMPTY_BODY = YES;
				CLANG_WARN_ENUM_CONVERSION = YES;
				CLANG_WARN_INFINITE_RECURSION = YES;
				CLANG_WARN_INT_CONVERSION = YES;
				CLANG_WARN_NON_LITERAL_NULL_CONVERSION = YES;
				CLANG_WARN_OBJC_IMPLICIT_RETAIN_SELF = YES;
				CLANG_WARN_OBJC_LITERAL_CONVERSION = YES;
				CLANG_WARN_OBJC_ROOT_CLASS = YES_ERROR;
				CLANG_WARN_QUOTED_INCLUDE_IN_FRAMEWORK_HEADER = YES;
				CLANG_WARN_RANGE_LOOP_ANALYSIS = YES;
				CLANG_WARN_STRICT_PROTOTYPES = YES;
				CLANG_WARN_SUSPICIOUS_MOVE = YES;
				CLANG_WARN_UNGUARDED_AVAILABILITY = YES_AGGRESSIVE;
				CLANG_WARN_UNREACHABLE_CODE = YES;
				CLANG_WARN__DUPLICATE_METHOD_MATCH = YES;
				COPY_PHASE_STRIP = NO;
				DEBUG_INFORMATION_FORMAT = dwarf;
				ENABLE_STRICT_OBJC_MSGSEND = YES;
				ENABLE_TESTABILITY = YES;
				ENABLE_USER_SCRIPT_SANDBOXING = YES;
				GCC_C_LANGUAGE_STANDARD = gnu17;
				GCC_DYNAMIC_NO_PIC = NO;
				GCC_NO_COMMON_BLOCKS = YES;
				GCC_OPTIMIZATION_LEVEL = 0;
				GCC_PREPROCESSOR_DEFINITIONS = (
					"DEBUG=1",
					"$(inherited)",
				);
				GCC_WARN_64_TO_32_BIT_CONVERSION = YES;
				GCC_WARN_ABOUT_RETURN_TYPE = YES_ERROR;
				GCC_WARN_UNDECLARED_SELECTOR = YES;
				GCC_WARN_UNINITIALIZED_AUTOS = YES_AGGRESSIVE;
				GCC_WARN_UNUSED_FUNCTION = YES;
				GCC_WARN_UNUSED_VARIABLE = YES;
				IPHONEOS_DEPLOYMENT_TARGET = 17.4;
				LOCALIZATION_PREFERS_STRING_CATALOGS = YES;
				MTL_ENABLE_DEBUG_INFO = INCLUDE_SOURCE;
				MTL_FAST_MATH = YES;
				ONLY_ACTIVE_ARCH = YES;
				SDKROOT = iphoneos;
				SWIFT_ACTIVE_COMPILATION_CONDITIONS = "DEBUG $(inherited)";
				SWIFT_OPTIMIZATION_LEVEL = "-Onone";
			};
			name = Debug;
		};
		BFB5934F2BAC6BF30058813E /* Release */ = {
			isa = XCBuildConfiguration;
			buildSettings = {
				ALWAYS_SEARCH_USER_PATHS = NO;
				ASSETCATALOG_COMPILER_GENERATE_SWIFT_ASSET_SYMBOL_EXTENSIONS = YES;
				CLANG_ANALYZER_NONNULL = YES;
				CLANG_ANALYZER_NUMBER_OBJECT_CONVERSION = YES_AGGRESSIVE;
				CLANG_CXX_LANGUAGE_STANDARD = "gnu++20";
				CLANG_ENABLE_MODULES = YES;
				CLANG_ENABLE_OBJC_ARC = YES;
				CLANG_ENABLE_OBJC_WEAK = YES;
				CLANG_WARN_BLOCK_CAPTURE_AUTORELEASING = YES;
				CLANG_WARN_BOOL_CONVERSION = YES;
				CLANG_WARN_COMMA = YES;
				CLANG_WARN_CONSTANT_CONVERSION = YES;
				CLANG_WARN_DEPRECATED_OBJC_IMPLEMENTATIONS = YES;
				CLANG_WARN_DIRECT_OBJC_ISA_USAGE = YES_ERROR;
				CLANG_WARN_DOCUMENTATION_COMMENTS = YES;
				CLANG_WARN_EMPTY_BODY = YES;
				CLANG_WARN_ENUM_CONVERSION = YES;
				CLANG_WARN_INFINITE_RECURSION = YES;
				CLANG_WARN_INT_CONVERSION = YES;
				CLANG_WARN_NON_LITERAL_NULL_CONVERSION = YES;
				CLANG_WARN_OBJC_IMPLICIT_RETAIN_SELF = YES;
				CLANG_WARN_OBJC_LITERAL_CONVERSION = YES;
				CLANG_WARN_OBJC_ROOT_CLASS = YES_ERROR;
				CLANG_WARN_QUOTED_INCLUDE_IN_FRAMEWORK_HEADER = YES;
				CLANG_WARN_RANGE_LOOP_ANALYSIS = YES;
				CLANG_WARN_STRICT_PROTOTYPES = YES;
				CLANG_WARN_SUSPICIOUS_MOVE = YES;
				CLANG_WARN_UNGUARDED_AVAILABILITY = YES_AGGRESSIVE;
				CLANG_WARN_UNREACHABLE_CODE = YES;
				CLANG_WARN__DUPLICATE_METHOD_MATCH = YES;
				COPY_PHASE_STRIP = NO;
				DEBUG_INFORMATION_FORMAT = "dwarf-with-dsym";
				ENABLE_NS_ASSERTIONS = NO;
				ENABLE_STRICT_OBJC_MSGSEND = YES;
				ENABLE_USER_SCRIPT_SANDBOXING = YES;
				GCC_C_LANGUAGE_STANDARD = gnu17;
				GCC_NO_COMMON_BLOCKS = YES;
				GCC_WARN_64_TO_32_BIT_CONVERSION = YES;
				GCC_WARN_ABOUT_RETURN_TYPE = YES_ERROR;
				GCC_WARN_UNDECLARED_SELECTOR = YES;
				GCC_WARN_UNINITIALIZED_AUTOS = YES_AGGRESSIVE;
				GCC_WARN_UNUSED_FUNCTION = YES;
				GCC_WARN_UNUSED_VARIABLE = YES;
				IPHONEOS_DEPLOYMENT_TARGET = 17.4;
				LOCALIZATION_PREFERS_STRING_CATALOGS = YES;
				MTL_ENABLE_DEBUG_INFO = NO;
				MTL_FAST_MATH = YES;
				SDKROOT = iphoneos;
				SWIFT_COMPILATION_MODE = wholemodule;
				VALIDATE_PRODUCT = YES;
			};
			name = Release;
		};
		BFB593512BAC6BF40058813E /* Debug */ = {
			isa = XCBuildConfiguration;
			buildSettings = {
				ASSETCATALOG_COMPILER_APPICON_NAME = AppIcon;
				ASSETCATALOG_COMPILER_GLOBAL_ACCENT_COLOR_NAME = AccentColor;
				CODE_SIGN_STYLE = Automatic;
				CURRENT_PROJECT_VERSION = 1;
				DEVELOPMENT_ASSET_PATHS = "\"SafeAreaEnvironmentKey/Preview Content\"";
				DEVELOPMENT_TEAM = F922WC2HX9;
				ENABLE_PREVIEWS = YES;
				GENERATE_INFOPLIST_FILE = YES;
				INFOPLIST_KEY_UIApplicationSceneManifest_Generation = YES;
				INFOPLIST_KEY_UIApplicationSupportsIndirectInputEvents = YES;
				INFOPLIST_KEY_UILaunchScreen_Generation = YES;
				INFOPLIST_KEY_UISupportedInterfaceOrientations_iPad = "UIInterfaceOrientationPortrait UIInterfaceOrientationPortraitUpsideDown UIInterfaceOrientationLandscapeLeft UIInterfaceOrientationLandscapeRight";
				INFOPLIST_KEY_UISupportedInterfaceOrientations_iPhone = "UIInterfaceOrientationPortrait UIInterfaceOrientationLandscapeLeft UIInterfaceOrientationLandscapeRight";
				LD_RUNPATH_SEARCH_PATHS = (
					"$(inherited)",
					"@executable_path/Frameworks",
				);
				MARKETING_VERSION = 1.0;
				PRODUCT_BUNDLE_IDENTIFIER = dev.dream.SafeAreaEnvironmentKey;
				PRODUCT_NAME = "$(TARGET_NAME)";
				SWIFT_EMIT_LOC_STRINGS = YES;
				SWIFT_VERSION = 5.0;
				TARGETED_DEVICE_FAMILY = "1,2";
			};
			name = Debug;
		};
		BFB593522BAC6BF40058813E /* Release */ = {
			isa = XCBuildConfiguration;
			buildSettings = {
				ASSETCATALOG_COMPILER_APPICON_NAME = AppIcon;
				ASSETCATALOG_COMPILER_GLOBAL_ACCENT_COLOR_NAME = AccentColor;
				CODE_SIGN_STYLE = Automatic;
				CURRENT_PROJECT_VERSION = 1;
				DEVELOPMENT_ASSET_PATHS = "\"SafeAreaEnvironmentKey/Preview Content\"";
				DEVELOPMENT_TEAM = F922WC2HX9;
				ENABLE_PREVIEWS = YES;
				GENERATE_INFOPLIST_FILE = YES;
				INFOPLIST_KEY_UIApplicationSceneManifest_Generation = YES;
				INFOPLIST_KEY_UIApplicationSupportsIndirectInputEvents = YES;
				INFOPLIST_KEY_UILaunchScreen_Generation = YES;
				INFOPLIST_KEY_UISupportedInterfaceOrientations_iPad = "UIInterfaceOrientationPortrait UIInterfaceOrientationPortraitUpsideDown UIInterfaceOrientationLandscapeLeft UIInterfaceOrientationLandscapeRight";
				INFOPLIST_KEY_UISupportedInterfaceOrientations_iPhone = "UIInterfaceOrientationPortrait UIInterfaceOrientationLandscapeLeft UIInterfaceOrientationLandscapeRight";
				LD_RUNPATH_SEARCH_PATHS = (
					"$(inherited)",
					"@executable_path/Frameworks",
				);
				MARKETING_VERSION = 1.0;
				PRODUCT_BUNDLE_IDENTIFIER = dev.dream.SafeAreaEnvironmentKey;
				PRODUCT_NAME = "$(TARGET_NAME)";
				SWIFT_EMIT_LOC_STRINGS = YES;
				SWIFT_VERSION = 5.0;
				TARGETED_DEVICE_FAMILY = "1,2";
			};
			name = Release;
		};
/* End XCBuildConfiguration section */

/* Begin XCConfigurationList section */
		BFB5933D2BAC6BF10058813E /* Build configuration list for PBXProject "SafeAreaEnvironmentKey" */ = {
			isa = XCConfigurationList;
			buildConfigurations = (
				BFB5934E2BAC6BF30058813E /* Debug */,
				BFB5934F2BAC6BF30058813E /* Release */,
			);
			defaultConfigurationIsVisible = 0;
			defaultConfigurationName = Release;
		};
		BFB593502BAC6BF40058813E /* Build configuration list for PBXNativeTarget "SafeAreaEnvironmentKey" */ = {
			isa = XCConfigurationList;
			buildConfigurations = (
				BFB593512BAC6BF40058813E /* Debug */,
				BFB593522BAC6BF40058813E /* Release */,
			);
			defaultConfigurationIsVisible = 0;
			defaultConfigurationName = Release;
		};
/* End XCConfigurationList section */
	};
	rootObject = BFB5933A2BAC6BF10058813E /* Project object */;
}
